
Microsoft Visual Studio Solution File, Format Version 12.00
# Visual Studio 15
VisualStudioVersion = 15.0.27703.2018
MinimumVisualStudioVersion = 10.0.40219.1
Project("{FAE04EC0-301F-11D3-BF4B-00C04F79EFBC}") = "FotoMaX", "FotoMaX\FotoMaX.csproj", "{81DF54EF-AD2D-4C44-B678-438BC4F8D8F5}"
EndProject
Project("{FAE04EC0-301F-11D3-BF4B-00C04F79EFBC}") = "FotoMaX.Theme", "FotoMaX.Theme\FotoMaX.Theme.csproj", "{35079620-026F-43A3-99F4-2151BBB93FEA}"
EndProject
Project("{FAE04EC0-301F-11D3-BF4B-00C04F79EFBC}") = "FotoMaX.Contracts", "FotoMaX.Interfaces\FotoMaX.Contracts.csproj", "{944A0BF8-7F60-448D-8548-9AFE2CC7D6DD}"
EndProject
Project("{FAE04EC0-301F-11D3-BF4B-00C04F79EFBC}") = "FotoMaX.Data", "FotoMaX.Data\FotoMaX.Data.csproj", "{CE3982A4-DF3C-45CF-931A-6FB5309B7C81}"
EndProject
Project("{FAE04EC0-301F-11D3-BF4B-00C04F79EFBC}") = "FotoMaX.Logic", "FotoMaXLogic\FotoMaX.Logic.csproj", "{28B1E73E-467C-44D6-861F-AE711C43F652}"
EndProject
Project("{FAE04EC0-301F-11D3-BF4B-00C04F79EFBC}") = "FotoMaX.UI", "FotoMaX.UI\FotoMaX.UI.csproj", "{53BD622A-2F12-4EB2-A749-0B1CA60BA509}"
EndProject
Project("{2150E333-8FDC-42A3-9474-1A3956D46DE8}") = "Tests", "Tests", "{2C1C01BF-309F-4FB1-926D-E0503EA84418}"
EndProject
Project("{FAE04EC0-301F-11D3-BF4B-00C04F79EFBC}") = "FotoMaX.UnitTests", "FotoMaX.UnitTests\FotoMaX.UnitTests.csproj", "{8E875315-476B-4275-9DBC-AADEC2A48BA5}"
EndProject
Project("{FAE04EC0-301F-11D3-BF4B-00C04F79EFBC}") = "FotoMaX.IntegrationTests", "FotoMaX.IntegrationTests\FotoMaX.IntegrationTests.csproj", "{F2FC20E9-5E0C-456F-AF0C-741048D152E6}"
EndProject
Global
	GlobalSection(SolutionConfigurationPlatforms) = preSolution
		Debug|Any CPU = Debug|Any CPU
		Release|Any CPU = Release|Any CPU
	EndGlobalSection
	GlobalSection(ProjectConfigurationPlatforms) = postSolution
		{81DF54EF-AD2D-4C44-B678-438BC4F8D8F5}.Debug|Any CPU.ActiveCfg = Debug|Any CPU
		{81DF54EF-AD2D-4C44-B678-438BC4F8D8F5}.Debug|Any CPU.Build.0 = Debug|Any CPU
		{81DF54EF-AD2D-4C44-B678-438BC4F8D8F5}.Release|Any CPU.ActiveCfg = Release|Any CPU
		{81DF54EF-AD2D-4C44-B678-438BC4F8D8F5}.Release|Any CPU.Build.0 = Release|Any CPU
		{35079620-026F-43A3-99F4-2151BBB93FEA}.Debug|Any CPU.ActiveCfg = Debug|Any CPU
		{35079620-026F-43A3-99F4-2151BBB93FEA}.Debug|Any CPU.Build.0 = Debug|Any CPU
		{35079620-026F-43A3-99F4-2151BBB93FEA}.Release|Any CPU.ActiveCfg = Release|Any CPU
		{35079620-026F-43A3-99F4-2151BBB93FEA}.Release|Any CPU.Build.0 = Release|Any CPU
		{944A0BF8-7F60-448D-8548-9AFE2CC7D6DD}.Debug|Any CPU.ActiveCfg = Debug|Any CPU
		{944A0BF8-7F60-448D-8548-9AFE2CC7D6DD}.Debug|Any CPU.Build.0 = Debug|Any CPU
		{944A0BF8-7F60-448D-8548-9AFE2CC7D6DD}.Release|Any CPU.ActiveCfg = Release|Any CPU
		{944A0BF8-7F60-448D-8548-9AFE2CC7D6DD}.Release|Any CPU.Build.0 = Release|Any CPU
		{CE3982A4-DF3C-45CF-931A-6FB5309B7C81}.Debug|Any CPU.ActiveCfg = Debug|Any CPU
		{CE3982A4-DF3C-45CF-931A-6FB5309B7C81}.Debug|Any CPU.Build.0 = Debug|Any CPU
		{CE3982A4-DF3C-45CF-931A-6FB5309B7C81}.Release|Any CPU.ActiveCfg = Release|Any CPU
		{CE3982A4-DF3C-45CF-931A-6FB5309B7C81}.Release|Any CPU.Build.0 = Release|Any CPU
		{28B1E73E-467C-44D6-861F-AE711C43F652}.Debug|Any CPU.ActiveCfg = Debug|Any CPU
		{28B1E73E-467C-44D6-861F-AE711C43F652}.Debug|Any CPU.Build.0 = Debug|Any CPU
		{28B1E73E-467C-44D6-861F-AE711C43F652}.Release|Any CPU.ActiveCfg = Release|Any CPU
		{28B1E73E-467C-44D6-861F-AE711C43F652}.Release|Any CPU.Build.0 = Release|Any CPU
		{53BD622A-2F12-4EB2-A749-0B1CA60BA509}.Debug|Any CPU.ActiveCfg = Debug|Any CPU
		{53BD622A-2F12-4EB2-A749-0B1CA60BA509}.Debug|Any CPU.Build.0 = Debug|Any CPU
		{53BD622A-2F12-4EB2-A749-0B1CA60BA509}.Release|Any CPU.ActiveCfg = Release|Any CPU
		{53BD622A-2F12-4EB2-A749-0B1CA60BA509}.Release|Any CPU.Build.0 = Release|Any CPU
		{8E875315-476B-4275-9DBC-AADEC2A48BA5}.Debug|Any CPU.ActiveCfg = Debug|Any CPU
		{8E875315-476B-4275-9DBC-AADEC2A48BA5}.Debug|Any CPU.Build.0 = Debug|Any CPU
		{8E875315-476B-4275-9DBC-AADEC2A48BA5}.Release|Any CPU.ActiveCfg = Release|Any CPU
		{8E875315-476B-4275-9DBC-AADEC2A48BA5}.Release|Any CPU.Build.0 = Release|Any CPU
		{F2FC20E9-5E0C-456F-AF0C-741048D152E6}.Debug|Any CPU.ActiveCfg = Debug|Any CPU
		{F2FC20E9-5E0C-456F-AF0C-741048D152E6}.Debug|Any CPU.Build.0 = Debug|Any CPU
		{F2FC20E9-5E0C-456F-AF0C-741048D152E6}.Release|Any CPU.ActiveCfg = Release|Any CPU
		{F2FC20E9-5E0C-456F-AF0C-741048D152E6}.Release|Any CPU.Build.0 = Release|Any CPU
	EndGlobalSection
	GlobalSection(SolutionProperties) = preSolution
		HideSolutionNode = FALSE
	EndGlobalSection
	GlobalSection(NestedProjects) = preSolution
		{8E875315-476B-4275-9DBC-AADEC2A48BA5} = {2C1C01BF-309F-4FB1-926D-E0503EA84418}
		{F2FC20E9-5E0C-456F-AF0C-741048D152E6} = {2C1C01BF-309F-4FB1-926D-E0503EA84418}
	EndGlobalSection
	GlobalSection(ExtensibilityGlobals) = postSolution
		SolutionGuid = {6BC06D7E-3C33-48CC-8433-E5E3E304E7AD}
	EndGlobalSection
EndGlobal
